
Microsoft Visual Studio Solution File, Format Version 12.00
# Visual Studio Version 16
VisualStudioVersion = 16.0.30621.155
MinimumVisualStudioVersion = 10.0.40219.1
Project("{FAE04EC0-301F-11D3-BF4B-00C04F79EFBC}") = "lab4example", "lab4example\lab4example.csproj", "{376E4B27-52A9-4168-A94B-83AE811E209A}"
EndProject
Global
	GlobalSection(SolutionConfigurationPlatforms) = preSolution
		Debug|Any CPU = Debug|Any CPU
		Release|Any CPU = Release|Any CPU
	EndGlobalSection
	GlobalSection(ProjectConfigurationPlatforms) = postSolution
		{376E4B27-52A9-4168-A94B-83AE811E209A}.Debug|Any CPU.ActiveCfg = Debug|Any CPU
		{376E4B27-52A9-4168-A94B-83AE811E209A}.Debug|Any CPU.Build.0 = Debug|Any CPU
		{376E4B27-52A9-4168-A94B-83AE811E209A}.Release|Any CPU.ActiveCfg = Release|Any CPU
		{376E4B27-52A9-4168-A94B-83AE811E209A}.Release|Any CPU.Build.0 = Release|Any CPU
	EndGlobalSection
	GlobalSection(SolutionProperties) = preSolution
		HideSolutionNode = FALSE
	EndGlobalSection
	GlobalSection(ExtensibilityGlobals) = postSolution
		SolutionGuid = {C3DBCF1D-7C93-45AE-986A-9552BFEA8E8E}
	EndGlobalSection
EndGlobal
